// !$*UTF8*$!
{
	archiveVersion = 1;
	classes = {
	};
	objectVersion = 77;
	objects = {

/* Begin PBXBuildFile section */
		C606DC542D7EAC750072B6B9 /* GoogleSignIn in Frameworks */ = {isa = PBXBuildFile; productRef = C606DC532D7EAC750072B6B9 /* GoogleSignIn */; };
		C606DC562D7EAC750072B6B9 /* GoogleSignInSwift in Frameworks */ = {isa = PBXBuildFile; productRef = C606DC552D7EAC750072B6B9 /* GoogleSignInSwift */; };
		C60ABA262D957F8F009574A1 /* .gitignore in Resources */ = {isa = PBXBuildFile; fileRef = C60ABA252D957F82009574A1 /* .gitignore */; };
		C67C79692D7ABDBF009B1BA2 /* FirebaseAnalytics in Frameworks */ = {isa = PBXBuildFile; productRef = C67C79682D7ABDBF009B1BA2 /* FirebaseAnalytics */; };
		C67C796B2D7ABDBF009B1BA2 /* FirebaseAuth in Frameworks */ = {isa = PBXBuildFile; productRef = C67C796A2D7ABDBF009B1BA2 /* FirebaseAuth */; };
		C67C796D2D7ABDBF009B1BA2 /* FirebaseDatabase in Frameworks */ = {isa = PBXBuildFile; productRef = C67C796C2D7ABDBF009B1BA2 /* FirebaseDatabase */; };
		C67C796F2D7ABDBF009B1BA2 /* FirebaseStorage in Frameworks */ = {isa = PBXBuildFile; productRef = C67C796E2D7ABDBF009B1BA2 /* FirebaseStorage */; };
		C69B94D82D81803B007AA7BD /* FirebaseMessaging in Frameworks */ = {isa = PBXBuildFile; productRef = C69B94D72D81803B007AA7BD /* FirebaseMessaging */; };
		C69B94DA2D818061007AA7BD /* FirebaseRemoteConfig in Frameworks */ = {isa = PBXBuildFile; productRef = C69B94D92D818061007AA7BD /* FirebaseRemoteConfig */; };
		C6B8C60A2D68302000827362 /* About.txt in Resources */ = {isa = PBXBuildFile; fileRef = C6B8C6092D682FFA00827362 /* About.txt */; };
		C6C440BA2D802A4800D2FA94 /* FirebaseFirestore in Frameworks */ = {isa = PBXBuildFile; productRef = C6C440B92D802A4800D2FA94 /* FirebaseFirestore */; };
		C6E2CC672D842A620087B150 /* Lottie in Frameworks */ = {isa = PBXBuildFile; productRef = C6E2CC662D842A620087B150 /* Lottie */; };
/* End PBXBuildFile section */

/* Begin PBXContainerItemProxy section */
		C6F556212D5DA67E00296758 /* PBXContainerItemProxy */ = {
			isa = PBXContainerItemProxy;
			containerPortal = C6F556082D5DA67E00296758 /* Project object */;
			proxyType = 1;
			remoteGlobalIDString = C6F5560F2D5DA67E00296758;
			remoteInfo = WhatsApp;
		};
		C6F5562B2D5DA67E00296758 /* PBXContainerItemProxy */ = {
			isa = PBXContainerItemProxy;
			containerPortal = C6F556082D5DA67E00296758 /* Project object */;
			proxyType = 1;
			remoteGlobalIDString = C6F5560F2D5DA67E00296758;
			remoteInfo = WhatsApp;
		};
/* End PBXContainerItemProxy section */

/* Begin PBXFileReference section */
		C60ABA252D957F82009574A1 /* .gitignore */ = {isa = PBXFileReference; lastKnownFileType = text; path = .gitignore; sourceTree = "<group>"; };
		C6B8C6092D682FFA00827362 /* About.txt */ = {isa = PBXFileReference; lastKnownFileType = text; path = About.txt; sourceTree = "<group>"; };
		C6F556102D5DA67E00296758 /* WhatsApp.app */ = {isa = PBXFileReference; explicitFileType = wrapper.application; includeInIndex = 0; path = WhatsApp.app; sourceTree = BUILT_PRODUCTS_DIR; };
		C6F556202D5DA67E00296758 /* WhatsAppTests.xctest */ = {isa = PBXFileReference; explicitFileType = wrapper.cfbundle; includeInIndex = 0; path = WhatsAppTests.xctest; sourceTree = BUILT_PRODUCTS_DIR; };
		C6F5562A2D5DA67E00296758 /* WhatsAppUITests.xctest */ = {isa = PBXFileReference; explicitFileType = wrapper.cfbundle; includeInIndex = 0; path = WhatsAppUITests.xctest; sourceTree = BUILT_PRODUCTS_DIR; };
/* End PBXFileReference section */

/* Begin PBXFileSystemSynchronizedBuildFileExceptionSet section */
		C606DC5A2D7EBC420072B6B9 /* Exceptions for "WhatsApp" folder in "WhatsApp" target */ = {
			isa = PBXFileSystemSynchronizedBuildFileExceptionSet;
			membershipExceptions = (
				Info.plist,
			);
			target = C6F5560F2D5DA67E00296758 /* WhatsApp */;
		};
/* End PBXFileSystemSynchronizedBuildFileExceptionSet section */

/* Begin PBXFileSystemSynchronizedRootGroup section */
		C6F556122D5DA67E00296758 /* WhatsApp */ = {
			isa = PBXFileSystemSynchronizedRootGroup;
			exceptions = (
				C606DC5A2D7EBC420072B6B9 /* Exceptions for "WhatsApp" folder in "WhatsApp" target */,
			);
			path = WhatsApp;
			sourceTree = "<group>";
		};
		C6F556232D5DA67E00296758 /* WhatsAppTests */ = {
			isa = PBXFileSystemSynchronizedRootGroup;
			path = WhatsAppTests;
			sourceTree = "<group>";
		};
		C6F5562D2D5DA67E00296758 /* WhatsAppUITests */ = {
			isa = PBXFileSystemSynchronizedRootGroup;
			path = WhatsAppUITests;
			sourceTree = "<group>";
		};
/* End PBXFileSystemSynchronizedRootGroup section */

/* Begin PBXFrameworksBuildPhase section */
		C6F5560D2D5DA67E00296758 /* Frameworks */ = {
			isa = PBXFrameworksBuildPhase;
			buildActionMask = 2147483647;
			files = (
				C69B94DA2D818061007AA7BD /* FirebaseRemoteConfig in Frameworks */,
				C69B94D82D81803B007AA7BD /* FirebaseMessaging in Frameworks */,
				C606DC542D7EAC750072B6B9 /* GoogleSignIn in Frameworks */,
				C67C796D2D7ABDBF009B1BA2 /* FirebaseDatabase in Frameworks */,
				C67C796F2D7ABDBF009B1BA2 /* FirebaseStorage in Frameworks */,
				C6E2CC672D842A620087B150 /* Lottie in Frameworks */,
				C606DC562D7EAC750072B6B9 /* GoogleSignInSwift in Frameworks */,
				C67C79692D7ABDBF009B1BA2 /* FirebaseAnalytics in Frameworks */,
				C67C796B2D7ABDBF009B1BA2 /* FirebaseAuth in Frameworks */,
				C6C440BA2D802A4800D2FA94 /* FirebaseFirestore in Frameworks */,
			);
			runOnlyForDeploymentPostprocessing = 0;
		};
		C6F5561D2D5DA67E00296758 /* Frameworks */ = {
			isa = PBXFrameworksBuildPhase;
			buildActionMask = 2147483647;
			files = (
			);
			runOnlyForDeploymentPostprocessing = 0;
		};
		C6F556272D5DA67E00296758 /* Frameworks */ = {
			isa = PBXFrameworksBuildPhase;
			buildActionMask = 2147483647;
			files = (
			);
			runOnlyForDeploymentPostprocessing = 0;
		};
/* End PBXFrameworksBuildPhase section */

/* Begin PBXGroup section */
		C6C440B82D802A4800D2FA94 /* Frameworks */ = {
			isa = PBXGroup;
			children = (
			);
			name = Frameworks;
			sourceTree = "<group>";
		};
		C6F556072D5DA67E00296758 = {
			isa = PBXGroup;
			children = (
				C60ABA252D957F82009574A1 /* .gitignore */,
				C6B8C6092D682FFA00827362 /* About.txt */,
				C6F556122D5DA67E00296758 /* WhatsApp */,
				C6F556232D5DA67E00296758 /* WhatsAppTests */,
				C6F5562D2D5DA67E00296758 /* WhatsAppUITests */,
				C6C440B82D802A4800D2FA94 /* Frameworks */,
				C6F556112D5DA67E00296758 /* Products */,
			);
			sourceTree = "<group>";
		};
		C6F556112D5DA67E00296758 /* Products */ = {
			isa = PBXGroup;
			children = (
				C6F556102D5DA67E00296758 /* WhatsApp.app */,
				C6F556202D5DA67E00296758 /* WhatsAppTests.xctest */,
				C6F5562A2D5DA67E00296758 /* WhatsAppUITests.xctest */,
			);
			name = Products;
			sourceTree = "<group>";
		};
/* End PBXGroup section */

/* Begin PBXNativeTarget section */
		C6F5560F2D5DA67E00296758 /* WhatsApp */ = {
			isa = PBXNativeTarget;
			buildConfigurationList = C6F556342D5DA67E00296758 /* Build configuration list for PBXNativeTarget "WhatsApp" */;
			buildPhases = (
				C6F5560C2D5DA67E00296758 /* Sources */,
				C6F5560D2D5DA67E00296758 /* Frameworks */,
				C6F5560E2D5DA67E00296758 /* Resources */,
			);
			buildRules = (
			);
			dependencies = (
			);
			fileSystemSynchronizedGroups = (
				C6F556122D5DA67E00296758 /* WhatsApp */,
			);
			name = WhatsApp;
			packageProductDependencies = (
				C67C79682D7ABDBF009B1BA2 /* FirebaseAnalytics */,
				C67C796A2D7ABDBF009B1BA2 /* FirebaseAuth */,
				C67C796C2D7ABDBF009B1BA2 /* FirebaseDatabase */,
				C67C796E2D7ABDBF009B1BA2 /* FirebaseStorage */,
				C606DC532D7EAC750072B6B9 /* GoogleSignIn */,
				C606DC552D7EAC750072B6B9 /* GoogleSignInSwift */,
				C6C440B92D802A4800D2FA94 /* FirebaseFirestore */,
				C69B94D72D81803B007AA7BD /* FirebaseMessaging */,
				C69B94D92D818061007AA7BD /* FirebaseRemoteConfig */,
				C6E2CC662D842A620087B150 /* Lottie */,
			);
			productName = WhatsApp;
			productReference = C6F556102D5DA67E00296758 /* WhatsApp.app */;
			productType = "com.apple.product-type.application";
		};
		C6F5561F2D5DA67E00296758 /* WhatsAppTests */ = {
			isa = PBXNativeTarget;
			buildConfigurationList = C6F556372D5DA67E00296758 /* Build configuration list for PBXNativeTarget "WhatsAppTests" */;
			buildPhases = (
				C6F5561C2D5DA67E00296758 /* Sources */,
				C6F5561D2D5DA67E00296758 /* Frameworks */,
				C6F5561E2D5DA67E00296758 /* Resources */,
			);
			buildRules = (
			);
			dependencies = (
				C6F556222D5DA67E00296758 /* PBXTargetDependency */,
			);
			fileSystemSynchronizedGroups = (
				C6F556232D5DA67E00296758 /* WhatsAppTests */,
			);
			name = WhatsAppTests;
			packageProductDependencies = (
			);
			productName = WhatsAppTests;
			productReference = C6F556202D5DA67E00296758 /* WhatsAppTests.xctest */;
			productType = "com.apple.product-type.bundle.unit-test";
		};
		C6F556292D5DA67E00296758 /* WhatsAppUITests */ = {
			isa = PBXNativeTarget;
			buildConfigurationList = C6F5563A2D5DA67E00296758 /* Build configuration list for PBXNativeTarget "WhatsAppUITests" */;
			buildPhases = (
				C6F556262D5DA67E00296758 /* Sources */,
				C6F556272D5DA67E00296758 /* Frameworks */,
				C6F556282D5DA67E00296758 /* Resources */,
			);
			buildRules = (
			);
			dependencies = (
				C6F5562C2D5DA67E00296758 /* PBXTargetDependency */,
			);
			fileSystemSynchronizedGroups = (
				C6F5562D2D5DA67E00296758 /* WhatsAppUITests */,
			);
			name = WhatsAppUITests;
			packageProductDependencies = (
			);
			productName = WhatsAppUITests;
			productReference = C6F5562A2D5DA67E00296758 /* WhatsAppUITests.xctest */;
			productType = "com.apple.product-type.bundle.ui-testing";
		};
/* End PBXNativeTarget section */

/* Begin PBXProject section */
		C6F556082D5DA67E00296758 /* Project object */ = {
			isa = PBXProject;
			attributes = {
				BuildIndependentTargetsInParallel = 1;
				LastSwiftUpdateCheck = 1620;
				LastUpgradeCheck = 1620;
				TargetAttributes = {
					C6F5560F2D5DA67E00296758 = {
						CreatedOnToolsVersion = 16.2;
					};
					C6F5561F2D5DA67E00296758 = {
						CreatedOnToolsVersion = 16.2;
						TestTargetID = C6F5560F2D5DA67E00296758;
					};
					C6F556292D5DA67E00296758 = {
						CreatedOnToolsVersion = 16.2;
						TestTargetID = C6F5560F2D5DA67E00296758;
					};
				};
			};
			buildConfigurationList = C6F5560B2D5DA67E00296758 /* Build configuration list for PBXProject "WhatsApp" */;
			developmentRegion = en;
			hasScannedForEncodings = 0;
			knownRegions = (
				en,
				Base,
			);
			mainGroup = C6F556072D5DA67E00296758;
			minimizedProjectReferenceProxies = 1;
			packageReferences = (
				C645299E2D7AB91300079D3A /* XCRemoteSwiftPackageReference "firebase-ios-sdk" */,
				C606DC522D7EAC750072B6B9 /* XCRemoteSwiftPackageReference "GoogleSignIn-iOS" */,
				C6E2CC652D842A620087B150 /* XCRemoteSwiftPackageReference "lottie-ios" */,
			);
			preferredProjectObjectVersion = 77;
			productRefGroup = C6F556112D5DA67E00296758 /* Products */;
			projectDirPath = "";
			projectRoot = "";
			targets = (
				C6F5560F2D5DA67E00296758 /* WhatsApp */,
				C6F5561F2D5DA67E00296758 /* WhatsAppTests */,
				C6F556292D5DA67E00296758 /* WhatsAppUITests */,
			);
		};
/* End PBXProject section */

/* Begin PBXResourcesBuildPhase section */
		C6F5560E2D5DA67E00296758 /* Resources */ = {
			isa = PBXResourcesBuildPhase;
			buildActionMask = 2147483647;
			files = (
				C6B8C60A2D68302000827362 /* About.txt in Resources */,
				C60ABA262D957F8F009574A1 /* .gitignore in Resources */,
			);
			runOnlyForDeploymentPostprocessing = 0;
		};
		C6F5561E2D5DA67E00296758 /* Resources */ = {
			isa = PBXResourcesBuildPhase;
			buildActionMask = 2147483647;
			files = (
			);
			runOnlyForDeploymentPostprocessing = 0;
		};
		C6F556282D5DA67E00296758 /* Resources */ = {
			isa = PBXResourcesBuildPhase;
			buildActionMask = 2147483647;
			files = (
			);
			runOnlyForDeploymentPostprocessing = 0;
		};
/* End PBXResourcesBuildPhase section */

/* Begin PBXSourcesBuildPhase section */
		C6F5560C2D5DA67E00296758 /* Sources */ = {
			isa = PBXSourcesBuildPhase;
			buildActionMask = 2147483647;
			files = (
			);
			runOnlyForDeploymentPostprocessing = 0;
		};
		C6F5561C2D5DA67E00296758 /* Sources */ = {
			isa = PBXSourcesBuildPhase;
			buildActionMask = 2147483647;
			files = (
			);
			runOnlyForDeploymentPostprocessing = 0;
		};
		C6F556262D5DA67E00296758 /* Sources */ = {
			isa = PBXSourcesBuildPhase;
			buildActionMask = 2147483647;
			files = (
			);
			runOnlyForDeploymentPostprocessing = 0;
		};
/* End PBXSourcesBuildPhase section */

/* Begin PBXTargetDependency section */
		C6F556222D5DA67E00296758 /* PBXTargetDependency */ = {
			isa = PBXTargetDependency;
			target = C6F5560F2D5DA67E00296758 /* WhatsApp */;
			targetProxy = C6F556212D5DA67E00296758 /* PBXContainerItemProxy */;
		};
		C6F5562C2D5DA67E00296758 /* PBXTargetDependency */ = {
			isa = PBXTargetDependency;
			target = C6F5560F2D5DA67E00296758 /* WhatsApp */;
			targetProxy = C6F5562B2D5DA67E00296758 /* PBXContainerItemProxy */;
		};
/* End PBXTargetDependency section */

/* Begin XCBuildConfiguration section */
		C6F556322D5DA67E00296758 /* Debug */ = {
			isa = XCBuildConfiguration;
			buildSettings = {
				ALWAYS_SEARCH_USER_PATHS = NO;
				ASSETCATALOG_COMPILER_GENERATE_SWIFT_ASSET_SYMBOL_EXTENSIONS = YES;
				CLANG_ANALYZER_NONNULL = YES;
				CLANG_ANALYZER_NUMBER_OBJECT_CONVERSION = YES_AGGRESSIVE;
				CLANG_CXX_LANGUAGE_STANDARD = "gnu++20";
				CLANG_ENABLE_MODULES = YES;
				CLANG_ENABLE_OBJC_ARC = YES;
				CLANG_ENABLE_OBJC_WEAK = YES;
				CLANG_WARN_BLOCK_CAPTURE_AUTORELEASING = YES;
				CLANG_WARN_BOOL_CONVERSION = YES;
				CLANG_WARN_COMMA = YES;
				CLANG_WARN_CONSTANT_CONVERSION = YES;
				CLANG_WARN_DEPRECATED_OBJC_IMPLEMENTATIONS = YES;
				CLANG_WARN_DIRECT_OBJC_ISA_USAGE = YES_ERROR;
				CLANG_WARN_DOCUMENTATION_COMMENTS = YES;
				CLANG_WARN_EMPTY_BODY = YES;
				CLANG_WARN_ENUM_CONVERSION = YES;
				CLANG_WARN_INFINITE_RECURSION = YES;
				CLANG_WARN_INT_CONVERSION = YES;
				CLANG_WARN_NON_LITERAL_NULL_CONVERSION = YES;
				CLANG_WARN_OBJC_IMPLICIT_RETAIN_SELF = YES;
				CLANG_WARN_OBJC_LITERAL_CONVERSION = YES;
				CLANG_WARN_OBJC_ROOT_CLASS = YES_ERROR;
				CLANG_WARN_QUOTED_INCLUDE_IN_FRAMEWORK_HEADER = YES;
				CLANG_WARN_RANGE_LOOP_ANALYSIS = YES;
				CLANG_WARN_STRICT_PROTOTYPES = YES;
				CLANG_WARN_SUSPICIOUS_MOVE = YES;
				CLANG_WARN_UNGUARDED_AVAILABILITY = YES_AGGRESSIVE;
				CLANG_WARN_UNREACHABLE_CODE = YES;
				CLANG_WARN__DUPLICATE_METHOD_MATCH = YES;
				COPY_PHASE_STRIP = NO;
				DEBUG_INFORMATION_FORMAT = dwarf;
				ENABLE_STRICT_OBJC_MSGSEND = YES;
				ENABLE_TESTABILITY = YES;
				ENABLE_USER_SCRIPT_SANDBOXING = YES;
				GCC_C_LANGUAGE_STANDARD = gnu17;
				GCC_DYNAMIC_NO_PIC = NO;
				GCC_NO_COMMON_BLOCKS = YES;
				GCC_OPTIMIZATION_LEVEL = 0;
				GCC_PREPROCESSOR_DEFINITIONS = (
					"DEBUG=1",
					"$(inherited)",
				);
				GCC_WARN_64_TO_32_BIT_CONVERSION = YES;
				GCC_WARN_ABOUT_RETURN_TYPE = YES_ERROR;
				GCC_WARN_UNDECLARED_SELECTOR = YES;
				GCC_WARN_UNINITIALIZED_AUTOS = YES_AGGRESSIVE;
				GCC_WARN_UNUSED_FUNCTION = YES;
				GCC_WARN_UNUSED_VARIABLE = YES;
				IPHONEOS_DEPLOYMENT_TARGET = 18.2;
				LOCALIZATION_PREFERS_STRING_CATALOGS = YES;
				MTL_ENABLE_DEBUG_INFO = INCLUDE_SOURCE;
				MTL_FAST_MATH = YES;
				ONLY_ACTIVE_ARCH = YES;
				SDKROOT = iphoneos;
				SWIFT_ACTIVE_COMPILATION_CONDITIONS = "DEBUG $(inherited)";
				SWIFT_OPTIMIZATION_LEVEL = "-Onone";
			};
			name = Debug;
		};
		C6F556332D5DA67E00296758 /* Release */ = {
			isa = XCBuildConfiguration;
			buildSettings = {
				ALWAYS_SEARCH_USER_PATHS = NO;
				ASSETCATALOG_COMPILER_GENERATE_SWIFT_ASSET_SYMBOL_EXTENSIONS = YES;
				CLANG_ANALYZER_NONNULL = YES;
				CLANG_ANALYZER_NUMBER_OBJECT_CONVERSION = YES_AGGRESSIVE;
				CLANG_CXX_LANGUAGE_STANDARD = "gnu++20";
				CLANG_ENABLE_MODULES = YES;
				CLANG_ENABLE_OBJC_ARC = YES;
				CLANG_ENABLE_OBJC_WEAK = YES;
				CLANG_WARN_BLOCK_CAPTURE_AUTORELEASING = YES;
				CLANG_WARN_BOOL_CONVERSION = YES;
				CLANG_WARN_COMMA = YES;
				CLANG_WARN_CONSTANT_CONVERSION = YES;
				CLANG_WARN_DEPRECATED_OBJC_IMPLEMENTATIONS = YES;
				CLANG_WARN_DIRECT_OBJC_ISA_USAGE = YES_ERROR;
				CLANG_WARN_DOCUMENTATION_COMMENTS = YES;
				CLANG_WARN_EMPTY_BODY = YES;
				CLANG_WARN_ENUM_CONVERSION = YES;
				CLANG_WARN_INFINITE_RECURSION = YES;
				CLANG_WARN_INT_CONVERSION = YES;
				CLANG_WARN_NON_LITERAL_NULL_CONVERSION = YES;
				CLANG_WARN_OBJC_IMPLICIT_RETAIN_SELF = YES;
				CLANG_WARN_OBJC_LITERAL_CONVERSION = YES;
				CLANG_WARN_OBJC_ROOT_CLASS = YES_ERROR;
				CLANG_WARN_QUOTED_INCLUDE_IN_FRAMEWORK_HEADER = YES;
				CLANG_WARN_RANGE_LOOP_ANALYSIS = YES;
				CLANG_WARN_STRICT_PROTOTYPES = YES;
				CLANG_WARN_SUSPICIOUS_MOVE = YES;
				CLANG_WARN_UNGUARDED_AVAILABILITY = YES_AGGRESSIVE;
				CLANG_WARN_UNREACHABLE_CODE = YES;
				CLANG_WARN__DUPLICATE_METHOD_MATCH = YES;
				COPY_PHASE_STRIP = NO;
				DEBUG_INFORMATION_FORMAT = "dwarf-with-dsym";
				ENABLE_NS_ASSERTIONS = NO;
				ENABLE_STRICT_OBJC_MSGSEND = YES;
				ENABLE_USER_SCRIPT_SANDBOXING = YES;
				GCC_C_LANGUAGE_STANDARD = gnu17;
				GCC_NO_COMMON_BLOCKS = YES;
				GCC_WARN_64_TO_32_BIT_CONVERSION = YES;
				GCC_WARN_ABOUT_RETURN_TYPE = YES_ERROR;
				GCC_WARN_UNDECLARED_SELECTOR = YES;
				GCC_WARN_UNINITIALIZED_AUTOS = YES_AGGRESSIVE;
				GCC_WARN_UNUSED_FUNCTION = YES;
				GCC_WARN_UNUSED_VARIABLE = YES;
				IPHONEOS_DEPLOYMENT_TARGET = 18.2;
				LOCALIZATION_PREFERS_STRING_CATALOGS = YES;
				MTL_ENABLE_DEBUG_INFO = NO;
				MTL_FAST_MATH = YES;
				SDKROOT = iphoneos;
				SWIFT_COMPILATION_MODE = wholemodule;
				VALIDATE_PRODUCT = YES;
			};
			name = Release;
		};
		C6F556352D5DA67E00296758 /* Debug */ = {
			isa = XCBuildConfiguration;
			buildSettings = {
				ASSETCATALOG_COMPILER_APPICON_NAME = WhatsAppIcon;
				ASSETCATALOG_COMPILER_GLOBAL_ACCENT_COLOR_NAME = AccentColor;
				CODE_SIGN_ENTITLEMENTS = WhatsApp/WhatsApp.entitlements;
				CODE_SIGN_STYLE = Automatic;
				CURRENT_PROJECT_VERSION = 1;
				DEVELOPMENT_ASSET_PATHS = "\"WhatsApp/Preview Content\"";
				DEVELOPMENT_TEAM = A5G4Z284VF;
				ENABLE_PREVIEWS = YES;
				GENERATE_INFOPLIST_FILE = YES;
				INFOPLIST_FILE = WhatsApp/Info.plist;
				INFOPLIST_KEY_LSApplicationCategoryType = NSAllowsArbitraryLoads;
				INFOPLIST_KEY_NSContactsUsageDescription = "We need access to your contacts to show chats.";
				INFOPLIST_KEY_NSMicrophoneUsageDescription = "We need access to your microphone to send voice messages.";
				INFOPLIST_KEY_NSPhotoLibraryUsageDescription = "We need access to your photos library to share images.";
				INFOPLIST_KEY_UIApplicationSceneManifest_Generation = YES;
				INFOPLIST_KEY_UIApplicationSupportsIndirectInputEvents = YES;
				INFOPLIST_KEY_UILaunchScreen_Generation = YES;
				INFOPLIST_KEY_UISupportedInterfaceOrientations_iPad = "UIInterfaceOrientationPortrait UIInterfaceOrientationPortraitUpsideDown UIInterfaceOrientationLandscapeLeft UIInterfaceOrientationLandscapeRight";
				INFOPLIST_KEY_UISupportedInterfaceOrientations_iPhone = "UIInterfaceOrientationPortrait UIInterfaceOrientationLandscapeLeft UIInterfaceOrientationLandscapeRight";
				IPHONEOS_DEPLOYMENT_TARGET = 18.2;
				LD_RUNPATH_SEARCH_PATHS = (
					"$(inherited)",
					"@executable_path/Frameworks",
				);
				MARKETING_VERSION = 1.0;
				PRODUCT_BUNDLE_IDENTIFIER = com.codezyng.Whatsapp;
				PRODUCT_NAME = "$(TARGET_NAME)";
				SWIFT_EMIT_LOC_STRINGS = YES;
				SWIFT_VERSION = 5.0;
				TARGETED_DEVICE_FAMILY = "1,2";
			};
			name = Debug;
		};
		C6F556362D5DA67E00296758 /* Release */ = {
			isa = XCBuildConfiguration;
			buildSettings = {
				ASSETCATALOG_COMPILER_APPICON_NAME = WhatsAppIcon;
				ASSETCATALOG_COMPILER_GLOBAL_ACCENT_COLOR_NAME = AccentColor;
				CODE_SIGN_ENTITLEMENTS = WhatsApp/WhatsApp.entitlements;
				CODE_SIGN_STYLE = Automatic;
				CURRENT_PROJECT_VERSION = 1;
				DEVELOPMENT_ASSET_PATHS = "\"WhatsApp/Preview Content\"";
				DEVELOPMENT_TEAM = A5G4Z284VF;
				ENABLE_PREVIEWS = YES;
				GENERATE_INFOPLIST_FILE = YES;
				INFOPLIST_FILE = WhatsApp/Info.plist;
				INFOPLIST_KEY_LSApplicationCategoryType = NSAllowsArbitraryLoads;
				INFOPLIST_KEY_NSContactsUsageDescription = "We need access to your contacts to show chats.";
				INFOPLIST_KEY_NSMicrophoneUsageDescription = "We need access to your microphone to send voice messages.";
				INFOPLIST_KEY_NSPhotoLibraryUsageDescription = "We need access to your photos library to share images.";
				INFOPLIST_KEY_UIApplicationSceneManifest_Generation = YES;
				INFOPLIST_KEY_UIApplicationSupportsIndirectInputEvents = YES;
				INFOPLIST_KEY_UILaunchScreen_Generation = YES;
				INFOPLIST_KEY_UISupportedInterfaceOrientations_iPad = "UIInterfaceOrientationPortrait UIInterfaceOrientationPortraitUpsideDown UIInterfaceOrientationLandscapeLeft UIInterfaceOrientationLandscapeRight";
				INFOPLIST_KEY_UISupportedInterfaceOrientations_iPhone = "UIInterfaceOrientationPortrait UIInterfaceOrientationLandscapeLeft UIInterfaceOrientationLandscapeRight";
				IPHONEOS_DEPLOYMENT_TARGET = 18.2;
				LD_RUNPATH_SEARCH_PATHS = (
					"$(inherited)",
					"@executable_path/Frameworks",
				);
				MARKETING_VERSION = 1.0;
				PRODUCT_BUNDLE_IDENTIFIER = com.codezyng.Whatsapp;
				PRODUCT_NAME = "$(TARGET_NAME)";
				SWIFT_EMIT_LOC_STRINGS = YES;
				SWIFT_VERSION = 5.0;
				TARGETED_DEVICE_FAMILY = "1,2";
			};
			name = Release;
		};
		C6F556382D5DA67E00296758 /* Debug */ = {
			isa = XCBuildConfiguration;
			buildSettings = {
				BUNDLE_LOADER = "$(TEST_HOST)";
				CODE_SIGN_STYLE = Automatic;
				CURRENT_PROJECT_VERSION = 1;
				DEVELOPMENT_TEAM = A5G4Z284VF;
				GENERATE_INFOPLIST_FILE = YES;
				IPHONEOS_DEPLOYMENT_TARGET = 18.2;
				MARKETING_VERSION = 1.0;
				PRODUCT_BUNDLE_IDENTIFIER = com.codezyng.WhatsAppTests;
				PRODUCT_NAME = "$(TARGET_NAME)";
				SWIFT_EMIT_LOC_STRINGS = NO;
				SWIFT_VERSION = 5.0;
				TARGETED_DEVICE_FAMILY = "1,2";
				TEST_HOST = "$(BUILT_PRODUCTS_DIR)/WhatsApp.app/$(BUNDLE_EXECUTABLE_FOLDER_PATH)/WhatsApp";
			};
			name = Debug;
		};
		C6F556392D5DA67E00296758 /* Release */ = {
			isa = XCBuildConfiguration;
			buildSettings = {
				BUNDLE_LOADER = "$(TEST_HOST)";
				CODE_SIGN_STYLE = Automatic;
				CURRENT_PROJECT_VERSION = 1;
				DEVELOPMENT_TEAM = A5G4Z284VF;
				GENERATE_INFOPLIST_FILE = YES;
				IPHONEOS_DEPLOYMENT_TARGET = 18.2;
				MARKETING_VERSION = 1.0;
				PRODUCT_BUNDLE_IDENTIFIER = com.codezyng.WhatsAppTests;
				PRODUCT_NAME = "$(TARGET_NAME)";
				SWIFT_EMIT_LOC_STRINGS = NO;
				SWIFT_VERSION = 5.0;
				TARGETED_DEVICE_FAMILY = "1,2";
				TEST_HOST = "$(BUILT_PRODUCTS_DIR)/WhatsApp.app/$(BUNDLE_EXECUTABLE_FOLDER_PATH)/WhatsApp";
			};
			name = Release;
		};
		C6F5563B2D5DA67E00296758 /* Debug */ = {
			isa = XCBuildConfiguration;
			buildSettings = {
				CODE_SIGN_STYLE = Automatic;
				CURRENT_PROJECT_VERSION = 1;
				DEVELOPMENT_TEAM = A5G4Z284VF;
				GENERATE_INFOPLIST_FILE = YES;
				MARKETING_VERSION = 1.0;
				PRODUCT_BUNDLE_IDENTIFIER = com.codezyng.WhatsAppUITests;
				PRODUCT_NAME = "$(TARGET_NAME)";
				SWIFT_EMIT_LOC_STRINGS = NO;
				SWIFT_VERSION = 5.0;
				TARGETED_DEVICE_FAMILY = "1,2";
				TEST_TARGET_NAME = WhatsApp;
			};
			name = Debug;
		};
		C6F5563C2D5DA67E00296758 /* Release */ = {
			isa = XCBuildConfiguration;
			buildSettings = {
				CODE_SIGN_STYLE = Automatic;
				CURRENT_PROJECT_VERSION = 1;
				DEVELOPMENT_TEAM = A5G4Z284VF;
				GENERATE_INFOPLIST_FILE = YES;
				MARKETING_VERSION = 1.0;
				PRODUCT_BUNDLE_IDENTIFIER = com.codezyng.WhatsAppUITests;
				PRODUCT_NAME = "$(TARGET_NAME)";
				SWIFT_EMIT_LOC_STRINGS = NO;
				SWIFT_VERSION = 5.0;
				TARGETED_DEVICE_FAMILY = "1,2";
				TEST_TARGET_NAME = WhatsApp;
			};
			name = Release;
		};
/* End XCBuildConfiguration section */

/* Begin XCConfigurationList section */
		C6F5560B2D5DA67E00296758 /* Build configuration list for PBXProject "WhatsApp" */ = {
			isa = XCConfigurationList;
			buildConfigurations = (
				C6F556322D5DA67E00296758 /* Debug */,
				C6F556332D5DA67E00296758 /* Release */,
			);
			defaultConfigurationIsVisible = 0;
			defaultConfigurationName = Release;
		};
		C6F556342D5DA67E00296758 /* Build configuration list for PBXNativeTarget "WhatsApp" */ = {
			isa = XCConfigurationList;
			buildConfigurations = (
				C6F556352D5DA67E00296758 /* Debug */,
				C6F556362D5DA67E00296758 /* Release */,
			);
			defaultConfigurationIsVisible = 0;
			defaultConfigurationName = Release;
		};
		C6F556372D5DA67E00296758 /* Build configuration list for PBXNativeTarget "WhatsAppTests" */ = {
			isa = XCConfigurationList;
			buildConfigurations = (
				C6F556382D5DA67E00296758 /* Debug */,
				C6F556392D5DA67E00296758 /* Release */,
			);
			defaultConfigurationIsVisible = 0;
			defaultConfigurationName = Release;
		};
		C6F5563A2D5DA67E00296758 /* Build configuration list for PBXNativeTarget "WhatsAppUITests" */ = {
			isa = XCConfigurationList;
			buildConfigurations = (
				C6F5563B2D5DA67E00296758 /* Debug */,
				C6F5563C2D5DA67E00296758 /* Release */,
			);
			defaultConfigurationIsVisible = 0;
			defaultConfigurationName = Release;
		};
/* End XCConfigurationList section */

/* Begin XCRemoteSwiftPackageReference section */
		C606DC522D7EAC750072B6B9 /* XCRemoteSwiftPackageReference "GoogleSignIn-iOS" */ = {
			isa = XCRemoteSwiftPackageReference;
			repositoryURL = "git@github.com:google/GoogleSignIn-iOS.git";
			requirement = {
				kind = upToNextMajorVersion;
				minimumVersion = 8.0.0;
			};
		};
		C645299E2D7AB91300079D3A /* XCRemoteSwiftPackageReference "firebase-ios-sdk" */ = {
			isa = XCRemoteSwiftPackageReference;
			repositoryURL = "git@github.com:firebase/firebase-ios-sdk.git";
			requirement = {
				kind = upToNextMajorVersion;
				minimumVersion = 11.9.0;
			};
		};
		C6E2CC652D842A620087B150 /* XCRemoteSwiftPackageReference "lottie-ios" */ = {
			isa = XCRemoteSwiftPackageReference;
			repositoryURL = "git@github.com:airbnb/lottie-ios.git";
			requirement = {
				kind = upToNextMajorVersion;
				minimumVersion = 4.5.1;
			};
		};
/* End XCRemoteSwiftPackageReference section */

/* Begin XCSwiftPackageProductDependency section */
		C606DC532D7EAC750072B6B9 /* GoogleSignIn */ = {
			isa = XCSwiftPackageProductDependency;
			package = C606DC522D7EAC750072B6B9 /* XCRemoteSwiftPackageReference "GoogleSignIn-iOS" */;
			productName = GoogleSignIn;
		};
		C606DC552D7EAC750072B6B9 /* GoogleSignInSwift */ = {
			isa = XCSwiftPackageProductDependency;
			package = C606DC522D7EAC750072B6B9 /* XCRemoteSwiftPackageReference "GoogleSignIn-iOS" */;
			productName = GoogleSignInSwift;
		};
		C67C79682D7ABDBF009B1BA2 /* FirebaseAnalytics */ = {
			isa = XCSwiftPackageProductDependency;
			package = C645299E2D7AB91300079D3A /* XCRemoteSwiftPackageReference "firebase-ios-sdk" */;
			productName = FirebaseAnalytics;
		};
		C67C796A2D7ABDBF009B1BA2 /* FirebaseAuth */ = {
			isa = XCSwiftPackageProductDependency;
			package = C645299E2D7AB91300079D3A /* XCRemoteSwiftPackageReference "firebase-ios-sdk" */;
			productName = FirebaseAuth;
		};
		C67C796C2D7ABDBF009B1BA2 /* FirebaseDatabase */ = {
			isa = XCSwiftPackageProductDependency;
			package = C645299E2D7AB91300079D3A /* XCRemoteSwiftPackageReference "firebase-ios-sdk" */;
			productName = FirebaseDatabase;
		};
		C67C796E2D7ABDBF009B1BA2 /* FirebaseStorage */ = {
			isa = XCSwiftPackageProductDependency;
			package = C645299E2D7AB91300079D3A /* XCRemoteSwiftPackageReference "firebase-ios-sdk" */;
			productName = FirebaseStorage;
		};
		C69B94D72D81803B007AA7BD /* FirebaseMessaging */ = {
			isa = XCSwiftPackageProductDependency;
			package = C645299E2D7AB91300079D3A /* XCRemoteSwiftPackageReference "firebase-ios-sdk" */;
			productName = FirebaseMessaging;
		};
		C69B94D92D818061007AA7BD /* FirebaseRemoteConfig */ = {
			isa = XCSwiftPackageProductDependency;
			package = C645299E2D7AB91300079D3A /* XCRemoteSwiftPackageReference "firebase-ios-sdk" */;
			productName = FirebaseRemoteConfig;
		};
		C6C440B92D802A4800D2FA94 /* FirebaseFirestore */ = {
			isa = XCSwiftPackageProductDependency;
			package = C645299E2D7AB91300079D3A /* XCRemoteSwiftPackageReference "firebase-ios-sdk" */;
			productName = FirebaseFirestore;
		};
		C6E2CC662D842A620087B150 /* Lottie */ = {
			isa = XCSwiftPackageProductDependency;
			package = C6E2CC652D842A620087B150 /* XCRemoteSwiftPackageReference "lottie-ios" */;
			productName = Lottie;
		};
/* End XCSwiftPackageProductDependency section */
	};
	rootObject = C6F556082D5DA67E00296758 /* Project object */;
}
